Microsoft Visual Studio Solution File, Format Version 12.00
# Visual Studio 15
VisualStudioVersion = 15.0.28307.106
MinimumVisualStudioVersion = 10.0.40219.1
Project("{9A19103F-16F7-4668-BE54-9A1E7A4F7556}") = "training_day1", "training_day1.csproj", "{C3DC8650-0DCD-0896-E1A4-EDE1537E1A2A}"
EndProject
Global
    GlobalSection(SolutionConfigurationPlatforms) = preSolution
        Debug|Any CPU = Debug|Any CPU
        Release|Any CPU = Release|Any CPU
    EndGlobalSection
    GlobalSection(ProjectConfigurationPlatforms) = postSolution
        {C3DC8650-0DCD-0896-E1A4-EDE1537E1A2A}.Debug|Any CPU.ActiveCfg = Debug|Any CPU
        {C3DC8650-0DCD-0896-E1A4-EDE1537E1A2A}.Debug|Any CPU.Build.0 = Debug|Any CPU
        {C3DC8650-0DCD-0896-E1A4-EDE1537E1A2A}.Release|Any CPU.ActiveCfg = Release|Any CPU
        {C3DC8650-0DCD-0896-E1A4-EDE1537E1A2A}.Release|Any CPU.Build.0 = Release|Any CPU
    EndGlobalSection
    GlobalSection(SolutionProperties) = preSolution
        HideSolutionNode = FALSE
    EndGlobalSection
EndGlobal
